
Microsoft Visual Studio Solution File, Format Version 12.00
# Visual Studio Version 17
VisualStudioVersion = 17.5.33516.290
MinimumVisualStudioVersion = 10.0.40219.1
Project("{FAE04EC0-301F-11D3-BF4B-00C04F79EFBC}") = "Notification", "Notification\Notification.csproj", "{5EEBACCB-BC73-43D9-83DC-D95A05AD1B6F}"
EndProject
Project("{E53339B2-1760-4266-BCC7-CA923CBCF16C}") = "docker-compose", "docker-compose.dcproj", "{10CB2952-8002-43C0-8BAE-70217865CD10}"
EndProject
Global
	GlobalSection(SolutionConfigurationPlatforms) = preSolution
		Debug|Any CPU = Debug|Any CPU
		Release|Any CPU = Release|Any CPU
	EndGlobalSection
	GlobalSection(ProjectConfigurationPlatforms) = postSolution
		{5EEBACCB-BC73-43D9-83DC-D95A05AD1B6F}.Debug|Any CPU.ActiveCfg = Debug|Any CPU
		{5EEBACCB-BC73-43D9-83DC-D95A05AD1B6F}.Debug|Any CPU.Build.0 = Debug|Any CPU
		{5EEBACCB-BC73-43D9-83DC-D95A05AD1B6F}.Release|Any CPU.ActiveCfg = Release|Any CPU
		{5EEBACCB-BC73-43D9-83DC-D95A05AD1B6F}.Release|Any CPU.Build.0 = Release|Any CPU
		{10CB2952-8002-43C0-8BAE-70217865CD10}.Debug|Any CPU.ActiveCfg = Debug|Any CPU
		{10CB2952-8002-43C0-8BAE-70217865CD10}.Debug|Any CPU.Build.0 = Debug|Any CPU
		{10CB2952-8002-43C0-8BAE-70217865CD10}.Release|Any CPU.ActiveCfg = Release|Any CPU
		{10CB2952-8002-43C0-8BAE-70217865CD10}.Release|Any CPU.Build.0 = Release|Any CPU
	EndGlobalSection
	GlobalSection(SolutionProperties) = preSolution
		HideSolutionNode = FALSE
	EndGlobalSection
	GlobalSection(ExtensibilityGlobals) = postSolution
		SolutionGuid = {4838BC33-BB90-4603-B417-45A04DBDD5A2}
	EndGlobalSection
EndGlobal
